
Microsoft Visual Studio Solution File, Format Version 12.00
# Visual Studio 15
VisualStudioVersion = 15.0.28307.572
MinimumVisualStudioVersion = 10.0.40219.1
Project("{8BC9CEB8-8B4A-11D0-8D11-00A0C91BC942}") = "My_Trucking", "My_Trucking\My_Trucking.vcxproj", "{F7171550-AA76-41B0-AE9C-13D991A8C2AC}"
EndProject
Global
	GlobalSection(SolutionConfigurationPlatforms) = preSolution
		Debug|x64 = Debug|x64
		Debug|x86 = Debug|x86
		Release|x64 = Release|x64
		Release|x86 = Release|x86
	EndGlobalSection
	GlobalSection(ProjectConfigurationPlatforms) = postSolution
		{F7171550-AA76-41B0-AE9C-13D991A8C2AC}.Debug|x64.ActiveCfg = Debug|x64
		{F7171550-AA76-41B0-AE9C-13D991A8C2AC}.Debug|x64.Build.0 = Debug|x64
		{F7171550-AA76-41B0-AE9C-13D991A8C2AC}.Debug|x86.ActiveCfg = Debug|Win32
		{F7171550-AA76-41B0-AE9C-13D991A8C2AC}.Debug|x86.Build.0 = Debug|Win32
		{F7171550-AA76-41B0-AE9C-13D991A8C2AC}.Release|x64.ActiveCfg = Release|x64
		{F7171550-AA76-41B0-AE9C-13D991A8C2AC}.Release|x64.Build.0 = Release|x64
		{F7171550-AA76-41B0-AE9C-13D991A8C2AC}.Release|x86.ActiveCfg = Release|Win32
		{F7171550-AA76-41B0-AE9C-13D991A8C2AC}.Release|x86.Build.0 = Release|Win32
	EndGlobalSection
	GlobalSection(SolutionProperties) = preSolution
		HideSolutionNode = FALSE
	EndGlobalSection
	GlobalSection(ExtensibilityGlobals) = postSolution
		SolutionGuid = {27189FCE-C4B0-4535-85BE-C13321538DCA}
	EndGlobalSection
EndGlobal
